// !$*UTF8*$!
{
	archiveVersion = 1;
	classes = {
	};
	objectVersion = 60;
	objects = {

/* Begin PBXBuildFile section */
		253BCA9F2B39BF0B0089FCFD /* AppDelegate.swift in Sources */ = {isa = PBXBuildFile; fileRef = 253BCA9E2B39BF0B0089FCFD /* AppDelegate.swift */; };
		253BCAA12B39BF0B0089FCFD /* SceneDelegate.swift in Sources */ = {isa = PBXBuildFile; fileRef = 253BCAA02B39BF0B0089FCFD /* SceneDelegate.swift */; };
		253BCAA32B39BF0B0089FCFD /* ViewController.swift in Sources */ = {isa = PBXBuildFile; fileRef = 253BCAA22B39BF0B0089FCFD /* ViewController.swift */; };
		253BCAA62B39BF0B0089FCFD /* Main.storyboard in Resources */ = {isa = PBXBuildFile; fileRef = 253BCAA42B39BF0B0089FCFD /* Main.storyboard */; };
		253BCAA92B39BF0B0089FCFD /* DateTimeExtractorDemo.xcdatamodeld in Sources */ = {isa = PBXBuildFile; fileRef = 253BCAA72B39BF0B0089FCFD /* DateTimeExtractorDemo.xcdatamodeld */; };
		253BCAAB2B39BF0D0089FCFD /* Assets.xcassets in Resources */ = {isa = PBXBuildFile; fileRef = 253BCAAA2B39BF0D0089FCFD /* Assets.xcassets */; };
		253BCAAE2B39BF0D0089FCFD /* LaunchScreen.storyboard in Resources */ = {isa = PBXBuildFile; fileRef = 253BCAAC2B39BF0D0089FCFD /* LaunchScreen.storyboard */; };
		253BCAB92B39BF0D0089FCFD /* DateTimeExtractorDemoTests.swift in Sources */ = {isa = PBXBuildFile; fileRef = 253BCAB82B39BF0D0089FCFD /* DateTimeExtractorDemoTests.swift */; };
		253BCAC32B39BF0D0089FCFD /* DateTimeExtractorDemoUITests.swift in Sources */ = {isa = PBXBuildFile; fileRef = 253BCAC22B39BF0D0089FCFD /* DateTimeExtractorDemoUITests.swift */; };
		253BCAC52B39BF0D0089FCFD /* DateTimeExtractorDemoUITestsLaunchTests.swift in Sources */ = {isa = PBXBuildFile; fileRef = 253BCAC42B39BF0D0089FCFD /* DateTimeExtractorDemoUITestsLaunchTests.swift */; };
		253BCAD32B39BF270089FCFD /* DateTimeExtractor in Frameworks */ = {isa = PBXBuildFile; productRef = 253BCAD22B39BF270089FCFD /* DateTimeExtractor */; };
		253BCAD52B39BF7A0089FCFD /* CustomDateExtractor.swift in Sources */ = {isa = PBXBuildFile; fileRef = 253BCAD42B39BF7A0089FCFD /* CustomDateExtractor.swift */; };
		253BCAD72B39C0270089FCFD /* CustomDateExtractorTests.swift in Sources */ = {isa = PBXBuildFile; fileRef = 253BCAD62B39C0270089FCFD /* CustomDateExtractorTests.swift */; };
/* End PBXBuildFile section */

/* Begin PBXContainerItemProxy section */
		253BCAB52B39BF0D0089FCFD /* PBXContainerItemProxy */ = {
			isa = PBXContainerItemProxy;
			containerPortal = 253BCA932B39BF0B0089FCFD /* Project object */;
			proxyType = 1;
			remoteGlobalIDString = 253BCA9A2B39BF0B0089FCFD;
			remoteInfo = DateTimeExtractorDemo;
		};
		253BCABF2B39BF0D0089FCFD /* PBXContainerItemProxy */ = {
			isa = PBXContainerItemProxy;
			containerPortal = 253BCA932B39BF0B0089FCFD /* Project object */;
			proxyType = 1;
			remoteGlobalIDString = 253BCA9A2B39BF0B0089FCFD;
			remoteInfo = DateTimeExtractorDemo;
		};
/* End PBXContainerItemProxy section */

/* Begin PBXFileReference section */
		253BCA9B2B39BF0B0089FCFD /* DateTimeExtractorDemo.app */ = {isa = PBXFileReference; explicitFileType = wrapper.application; includeInIndex = 0; path = DateTimeExtractorDemo.app; sourceTree = BUILT_PRODUCTS_DIR; };
		253BCA9E2B39BF0B0089FCFD /* AppDelegate.swift */ = {isa = PBXFileReference; lastKnownFileType = sourcecode.swift; path = AppDelegate.swift; sourceTree = "<group>"; };
		253BCAA02B39BF0B0089FCFD /* SceneDelegate.swift */ = {isa = PBXFileReference; lastKnownFileType = sourcecode.swift; path = SceneDelegate.swift; sourceTree = "<group>"; };
		253BCAA22B39BF0B0089FCFD /* ViewController.swift */ = {isa = PBXFileReference; lastKnownFileType = sourcecode.swift; path = ViewController.swift; sourceTree = "<group>"; };
		253BCAA52B39BF0B0089FCFD /* Base */ = {isa = PBXFileReference; lastKnownFileType = file.storyboard; name = Base; path = Base.lproj/Main.storyboard; sourceTree = "<group>"; };
		253BCAA82B39BF0B0089FCFD /* DateTimeExtractorDemo.xcdatamodel */ = {isa = PBXFileReference; lastKnownFileType = wrapper.xcdatamodel; path = DateTimeExtractorDemo.xcdatamodel; sourceTree = "<group>"; };
		253BCAAA2B39BF0D0089FCFD /* Assets.xcassets */ = {isa = PBXFileReference; lastKnownFileType = folder.assetcatalog; path = Assets.xcassets; sourceTree = "<group>"; };
		253BCAAD2B39BF0D0089FCFD /* Base */ = {isa = PBXFileReference; lastKnownFileType = file.storyboard; name = Base; path = Base.lproj/LaunchScreen.storyboard; sourceTree = "<group>"; };
		253BCAAF2B39BF0D0089FCFD /* Info.plist */ = {isa = PBXFileReference; lastKnownFileType = text.plist.xml; path = Info.plist; sourceTree = "<group>"; };
		253BCAB42B39BF0D0089FCFD /* DateTimeExtractorDemoTests.xctest */ = {isa = PBXFileReference; explicitFileType = wrapper.cfbundle; includeInIndex = 0; path = DateTimeExtractorDemoTests.xctest; sourceTree = BUILT_PRODUCTS_DIR; };
		253BCAB82B39BF0D0089FCFD /* DateTimeExtractorDemoTests.swift */ = {isa = PBXFileReference; lastKnownFileType = sourcecode.swift; path = DateTimeExtractorDemoTests.swift; sourceTree = "<group>"; };
		253BCABE2B39BF0D0089FCFD /* DateTimeExtractorDemoUITests.xctest */ = {isa = PBXFileReference; explicitFileType = wrapper.cfbundle; includeInIndex = 0; path = DateTimeExtractorDemoUITests.xctest; sourceTree = BUILT_PRODUCTS_DIR; };
		253BCAC22B39BF0D0089FCFD /* DateTimeExtractorDemoUITests.swift */ = {isa = PBXFileReference; lastKnownFileType = sourcecode.swift; path = DateTimeExtractorDemoUITests.swift; sourceTree = "<group>"; };
		253BCAC42B39BF0D0089FCFD /* DateTimeExtractorDemoUITestsLaunchTests.swift */ = {isa = PBXFileReference; lastKnownFileType = sourcecode.swift; path = DateTimeExtractorDemoUITestsLaunchTests.swift; sourceTree = "<group>"; };
		253BCAD42B39BF7A0089FCFD /* CustomDateExtractor.swift */ = {isa = PBXFileReference; lastKnownFileType = sourcecode.swift; path = CustomDateExtractor.swift; sourceTree = "<group>"; };
		253BCAD62B39C0270089FCFD /* CustomDateExtractorTests.swift */ = {isa = PBXFileReference; lastKnownFileType = sourcecode.swift; path = CustomDateExtractorTests.swift; sourceTree = "<group>"; };
/* End PBXFileReference section */

/* Begin PBXFrameworksBuildPhase section */
		253BCA982B39BF0B0089FCFD /* Frameworks */ = {
			isa = PBXFrameworksBuildPhase;
			buildActionMask = 2147483647;
			files = (
				253BCAD32B39BF270089FCFD /* DateTimeExtractor in Frameworks */,
			);
			runOnlyForDeploymentPostprocessing = 0;
		};
		253BCAB12B39BF0D0089FCFD /* Frameworks */ = {
			isa = PBXFrameworksBuildPhase;
			buildActionMask = 2147483647;
			files = (
			);
			runOnlyForDeploymentPostprocessing = 0;
		};
		253BCABB2B39BF0D0089FCFD /* Frameworks */ = {
			isa = PBXFrameworksBuildPhase;
			buildActionMask = 2147483647;
			files = (
			);
			runOnlyForDeploymentPostprocessing = 0;
		};
/* End PBXFrameworksBuildPhase section */

/* Begin PBXGroup section */
		253BCA922B39BF0B0089FCFD = {
			isa = PBXGroup;
			children = (
				253BCA9D2B39BF0B0089FCFD /* DateTimeExtractorDemo */,
				253BCAB72B39BF0D0089FCFD /* DateTimeExtractorDemoTests */,
				253BCAC12B39BF0D0089FCFD /* DateTimeExtractorDemoUITests */,
				253BCA9C2B39BF0B0089FCFD /* Products */,
			);
			sourceTree = "<group>";
		};
		253BCA9C2B39BF0B0089FCFD /* Products */ = {
			isa = PBXGroup;
			children = (
				253BCA9B2B39BF0B0089FCFD /* DateTimeExtractorDemo.app */,
				253BCAB42B39BF0D0089FCFD /* DateTimeExtractorDemoTests.xctest */,
				253BCABE2B39BF0D0089FCFD /* DateTimeExtractorDemoUITests.xctest */,
			);
			name = Products;
			sourceTree = "<group>";
		};
		253BCA9D2B39BF0B0089FCFD /* DateTimeExtractorDemo */ = {
			isa = PBXGroup;
			children = (
				253BCA9E2B39BF0B0089FCFD /* AppDelegate.swift */,
				253BCAA02B39BF0B0089FCFD /* SceneDelegate.swift */,
				253BCAA22B39BF0B0089FCFD /* ViewController.swift */,
				253BCAD42B39BF7A0089FCFD /* CustomDateExtractor.swift */,
				253BCAA42B39BF0B0089FCFD /* Main.storyboard */,
				253BCAAA2B39BF0D0089FCFD /* Assets.xcassets */,
				253BCAAC2B39BF0D0089FCFD /* LaunchScreen.storyboard */,
				253BCAAF2B39BF0D0089FCFD /* Info.plist */,
				253BCAA72B39BF0B0089FCFD /* DateTimeExtractorDemo.xcdatamodeld */,
			);
			path = DateTimeExtractorDemo;
			sourceTree = "<group>";
		};
		253BCAB72B39BF0D0089FCFD /* DateTimeExtractorDemoTests */ = {
			isa = PBXGroup;
			children = (
				253BCAB82B39BF0D0089FCFD /* DateTimeExtractorDemoTests.swift */,
				253BCAD62B39C0270089FCFD /* CustomDateExtractorTests.swift */,
			);
			path = DateTimeExtractorDemoTests;
			sourceTree = "<group>";
		};
		253BCAC12B39BF0D0089FCFD /* DateTimeExtractorDemoUITests */ = {
			isa = PBXGroup;
			children = (
				253BCAC22B39BF0D0089FCFD /* DateTimeExtractorDemoUITests.swift */,
				253BCAC42B39BF0D0089FCFD /* DateTimeExtractorDemoUITestsLaunchTests.swift */,
			);
			path = DateTimeExtractorDemoUITests;
			sourceTree = "<group>";
		};
/* End PBXGroup section */

/* Begin PBXNativeTarget section */
		253BCA9A2B39BF0B0089FCFD /* DateTimeExtractorDemo */ = {
			isa = PBXNativeTarget;
			buildConfigurationList = 253BCAC82B39BF0D0089FCFD /* Build configuration list for PBXNativeTarget "DateTimeExtractorDemo" */;
			buildPhases = (
				253BCA972B39BF0B0089FCFD /* Sources */,
				253BCA982B39BF0B0089FCFD /* Frameworks */,
				253BCA992B39BF0B0089FCFD /* Resources */,
			);
			buildRules = (
			);
			dependencies = (
			);
			name = DateTimeExtractorDemo;
			packageProductDependencies = (
				253BCAD22B39BF270089FCFD /* DateTimeExtractor */,
			);
			productName = DateTimeExtractorDemo;
			productReference = 253BCA9B2B39BF0B0089FCFD /* DateTimeExtractorDemo.app */;
			productType = "com.apple.product-type.application";
		};
		253BCAB32B39BF0D0089FCFD /* DateTimeExtractorDemoTests */ = {
			isa = PBXNativeTarget;
			buildConfigurationList = 253BCACB2B39BF0D0089FCFD /* Build configuration list for PBXNativeTarget "DateTimeExtractorDemoTests" */;
			buildPhases = (
				253BCAB02B39BF0D0089FCFD /* Sources */,
				253BCAB12B39BF0D0089FCFD /* Frameworks */,
				253BCAB22B39BF0D0089FCFD /* Resources */,
			);
			buildRules = (
			);
			dependencies = (
				253BCAB62B39BF0D0089FCFD /* PBXTargetDependency */,
			);
			name = DateTimeExtractorDemoTests;
			productName = DateTimeExtractorDemoTests;
			productReference = 253BCAB42B39BF0D0089FCFD /* DateTimeExtractorDemoTests.xctest */;
			productType = "com.apple.product-type.bundle.unit-test";
		};
		253BCABD2B39BF0D0089FCFD /* DateTimeExtractorDemoUITests */ = {
			isa = PBXNativeTarget;
			buildConfigurationList = 253BCACE2B39BF0D0089FCFD /* Build configuration list for PBXNativeTarget "DateTimeExtractorDemoUITests" */;
			buildPhases = (
				253BCABA2B39BF0D0089FCFD /* Sources */,
				253BCABB2B39BF0D0089FCFD /* Frameworks */,
				253BCABC2B39BF0D0089FCFD /* Resources */,
			);
			buildRules = (
			);
			dependencies = (
				253BCAC02B39BF0D0089FCFD /* PBXTargetDependency */,
			);
			name = DateTimeExtractorDemoUITests;
			productName = DateTimeExtractorDemoUITests;
			productReference = 253BCABE2B39BF0D0089FCFD /* DateTimeExtractorDemoUITests.xctest */;
			productType = "com.apple.product-type.bundle.ui-testing";
		};
/* End PBXNativeTarget section */

/* Begin PBXProject section */
		253BCA932B39BF0B0089FCFD /* Project object */ = {
			isa = PBXProject;
			attributes = {
				BuildIndependentTargetsInParallel = 1;
				LastSwiftUpdateCheck = 1500;
				LastUpgradeCheck = 1500;
				TargetAttributes = {
					253BCA9A2B39BF0B0089FCFD = {
						CreatedOnToolsVersion = 15.0.1;
					};
					253BCAB32B39BF0D0089FCFD = {
						CreatedOnToolsVersion = 15.0.1;
						TestTargetID = 253BCA9A2B39BF0B0089FCFD;
					};
					253BCABD2B39BF0D0089FCFD = {
						CreatedOnToolsVersion = 15.0.1;
						TestTargetID = 253BCA9A2B39BF0B0089FCFD;
					};
				};
			};
			buildConfigurationList = 253BCA962B39BF0B0089FCFD /* Build configuration list for PBXProject "DateTimeExtractorDemo" */;
			compatibilityVersion = "Xcode 14.0";
			developmentRegion = en;
			hasScannedForEncodings = 0;
			knownRegions = (
				en,
				Base,
			);
			mainGroup = 253BCA922B39BF0B0089FCFD;
			packageReferences = (
				253BCAD12B39BF270089FCFD /* XCLocalSwiftPackageReference ".." */,
			);
			productRefGroup = 253BCA9C2B39BF0B0089FCFD /* Products */;
			projectDirPath = "";
			projectRoot = "";
			targets = (
				253BCA9A2B39BF0B0089FCFD /* DateTimeExtractorDemo */,
				253BCAB32B39BF0D0089FCFD /* DateTimeExtractorDemoTests */,
				253BCABD2B39BF0D0089FCFD /* DateTimeExtractorDemoUITests */,
			);
		};
/* End PBXProject section */

/* Begin PBXResourcesBuildPhase section */
		253BCA992B39BF0B0089FCFD /* Resources */ = {
			isa = PBXResourcesBuildPhase;
			buildActionMask = 2147483647;
			files = (
				253BCAAE2B39BF0D0089FCFD /* LaunchScreen.storyboard in Resources */,
				253BCAAB2B39BF0D0089FCFD /* Assets.xcassets in Resources */,
				253BCAA62B39BF0B0089FCFD /* Main.storyboard in Resources */,
			);
			runOnlyForDeploymentPostprocessing = 0;
		};
		253BCAB22B39BF0D0089FCFD /* Resources */ = {
			isa = PBXResourcesBuildPhase;
			buildActionMask = 2147483647;
			files = (
			);
			runOnlyForDeploymentPostprocessing = 0;
		};
		253BCABC2B39BF0D0089FCFD /* Resources */ = {
			isa = PBXResourcesBuildPhase;
			buildActionMask = 2147483647;
			files = (
			);
			runOnlyForDeploymentPostprocessing = 0;
		};
/* End PBXResourcesBuildPhase section */

/* Begin PBXSourcesBuildPhase section */
		253BCA972B39BF0B0089FCFD /* Sources */ = {
			isa = PBXSourcesBuildPhase;
			buildActionMask = 2147483647;
			files = (
				253BCAA92B39BF0B0089FCFD /* DateTimeExtractorDemo.xcdatamodeld in Sources */,
				253BCAA32B39BF0B0089FCFD /* ViewController.swift in Sources */,
				253BCA9F2B39BF0B0089FCFD /* AppDelegate.swift in Sources */,
				253BCAD52B39BF7A0089FCFD /* CustomDateExtractor.swift in Sources */,
				253BCAA12B39BF0B0089FCFD /* SceneDelegate.swift in Sources */,
			);
			runOnlyForDeploymentPostprocessing = 0;
		};
		253BCAB02B39BF0D0089FCFD /* Sources */ = {
			isa = PBXSourcesBuildPhase;
			buildActionMask = 2147483647;
			files = (
				253BCAB92B39BF0D0089FCFD /* DateTimeExtractorDemoTests.swift in Sources */,
				253BCAD72B39C0270089FCFD /* CustomDateExtractorTests.swift in Sources */,
			);
			runOnlyForDeploymentPostprocessing = 0;
		};
		253BCABA2B39BF0D0089FCFD /* Sources */ = {
			isa = PBXSourcesBuildPhase;
			buildActionMask = 2147483647;
			files = (
				253BCAC32B39BF0D0089FCFD /* DateTimeExtractorDemoUITests.swift in Sources */,
				253BCAC52B39BF0D0089FCFD /* DateTimeExtractorDemoUITestsLaunchTests.swift in Sources */,
			);
			runOnlyForDeploymentPostprocessing = 0;
		};
/* End PBXSourcesBuildPhase section */

/* Begin PBXTargetDependency section */
		253BCAB62B39BF0D0089FCFD /* PBXTargetDependency */ = {
			isa = PBXTargetDependency;
			target = 253BCA9A2B39BF0B0089FCFD /* DateTimeExtractorDemo */;
			targetProxy = 253BCAB52B39BF0D0089FCFD /* PBXContainerItemProxy */;
		};
		253BCAC02B39BF0D0089FCFD /* PBXTargetDependency */ = {
			isa = PBXTargetDependency;
			target = 253BCA9A2B39BF0B0089FCFD /* DateTimeExtractorDemo */;
			targetProxy = 253BCABF2B39BF0D0089FCFD /* PBXContainerItemProxy */;
		};
/* End PBXTargetDependency section */

/* Begin PBXVariantGroup section */
		253BCAA42B39BF0B0089FCFD /* Main.storyboard */ = {
			isa = PBXVariantGroup;
			children = (
				253BCAA52B39BF0B0089FCFD /* Base */,
			);
			name = Main.storyboard;
			sourceTree = "<group>";
		};
		253BCAAC2B39BF0D0089FCFD /* LaunchScreen.storyboard */ = {
			isa = PBXVariantGroup;
			children = (
				253BCAAD2B39BF0D0089FCFD /* Base */,
			);
			name = LaunchScreen.storyboard;
			sourceTree = "<group>";
		};
/* End PBXVariantGroup section */

/* Begin XCBuildConfiguration section */
		253BCAC62B39BF0D0089FCFD /* Debug */ = {
			isa = XCBuildConfiguration;
			buildSettings = {
				ALWAYS_SEARCH_USER_PATHS = NO;
				ASSETCATALOG_COMPILER_GENERATE_SWIFT_ASSET_SYMBOL_EXTENSIONS = YES;
				CLANG_ANALYZER_NONNULL = YES;
				CLANG_ANALYZER_NUMBER_OBJECT_CONVERSION = YES_AGGRESSIVE;
				CLANG_CXX_LANGUAGE_STANDARD = "gnu++20";
				CLANG_ENABLE_MODULES = YES;
				CLANG_ENABLE_OBJC_ARC = YES;
				CLANG_ENABLE_OBJC_WEAK = YES;
				CLANG_WARN_BLOCK_CAPTURE_AUTORELEASING = YES;
				CLANG_WARN_BOOL_CONVERSION = YES;
				CLANG_WARN_COMMA = YES;
				CLANG_WARN_CONSTANT_CONVERSION = YES;
				CLANG_WARN_DEPRECATED_OBJC_IMPLEMENTATIONS = YES;
				CLANG_WARN_DIRECT_OBJC_ISA_USAGE = YES_ERROR;
				CLANG_WARN_DOCUMENTATION_COMMENTS = YES;
				CLANG_WARN_EMPTY_BODY = YES;
				CLANG_WARN_ENUM_CONVERSION = YES;
				CLANG_WARN_INFINITE_RECURSION = YES;
				CLANG_WARN_INT_CONVERSION = YES;
				CLANG_WARN_NON_LITERAL_NULL_CONVERSION = YES;
				CLANG_WARN_OBJC_IMPLICIT_RETAIN_SELF = YES;
				CLANG_WARN_OBJC_LITERAL_CONVERSION = YES;
				CLANG_WARN_OBJC_ROOT_CLASS = YES_ERROR;
				CLANG_WARN_QUOTED_INCLUDE_IN_FRAMEWORK_HEADER = YES;
				CLANG_WARN_RANGE_LOOP_ANALYSIS = YES;
				CLANG_WARN_STRICT_PROTOTYPES = YES;
				CLANG_WARN_SUSPICIOUS_MOVE = YES;
				CLANG_WARN_UNGUARDED_AVAILABILITY = YES_AGGRESSIVE;
				CLANG_WARN_UNREACHABLE_CODE = YES;
				CLANG_WARN__DUPLICATE_METHOD_MATCH = YES;
				COPY_PHASE_STRIP = NO;
				DEBUG_INFORMATION_FORMAT = dwarf;
				ENABLE_STRICT_OBJC_MSGSEND = YES;
				ENABLE_TESTABILITY = YES;
				ENABLE_USER_SCRIPT_SANDBOXING = YES;
				GCC_C_LANGUAGE_STANDARD = gnu17;
				GCC_DYNAMIC_NO_PIC = NO;
				GCC_NO_COMMON_BLOCKS = YES;
				GCC_OPTIMIZATION_LEVEL = 0;
				GCC_PREPROCESSOR_DEFINITIONS = (
					"DEBUG=1",
					"$(inherited)",
				);
				GCC_WARN_64_TO_32_BIT_CONVERSION = YES;
				GCC_WARN_ABOUT_RETURN_TYPE = YES_ERROR;
				GCC_WARN_UNDECLARED_SELECTOR = YES;
				GCC_WARN_UNINITIALIZED_AUTOS = YES_AGGRESSIVE;
				GCC_WARN_UNUSED_FUNCTION = YES;
				GCC_WARN_UNUSED_VARIABLE = YES;
				IPHONEOS_DEPLOYMENT_TARGET = 17.0;
				LOCALIZATION_PREFERS_STRING_CATALOGS = YES;
				MTL_ENABLE_DEBUG_INFO = INCLUDE_SOURCE;
				MTL_FAST_MATH = YES;
				ONLY_ACTIVE_ARCH = YES;
				SDKROOT = iphoneos;
				SWIFT_ACTIVE_COMPILATION_CONDITIONS = "DEBUG $(inherited)";
				SWIFT_OPTIMIZATION_LEVEL = "-Onone";
			};
			name = Debug;
		};
		253BCAC72B39BF0D0089FCFD /* Release */ = {
			isa = XCBuildConfiguration;
			buildSettings = {
				ALWAYS_SEARCH_USER_PATHS = NO;
				ASSETCATALOG_COMPILER_GENERATE_SWIFT_ASSET_SYMBOL_EXTENSIONS = YES;
				CLANG_ANALYZER_NONNULL = YES;
				CLANG_ANALYZER_NUMBER_OBJECT_CONVERSION = YES_AGGRESSIVE;
				CLANG_CXX_LANGUAGE_STANDARD = "gnu++20";
				CLANG_ENABLE_MODULES = YES;
				CLANG_ENABLE_OBJC_ARC = YES;
				CLANG_ENABLE_OBJC_WEAK = YES;
				CLANG_WARN_BLOCK_CAPTURE_AUTORELEASING = YES;
				CLANG_WARN_BOOL_CONVERSION = YES;
				CLANG_WARN_COMMA = YES;
				CLANG_WARN_CONSTANT_CONVERSION = YES;
				CLANG_WARN_DEPRECATED_OBJC_IMPLEMENTATIONS = YES;
				CLANG_WARN_DIRECT_OBJC_ISA_USAGE = YES_ERROR;
				CLANG_WARN_DOCUMENTATION_COMMENTS = YES;
				CLANG_WARN_EMPTY_BODY = YES;
				CLANG_WARN_ENUM_CONVERSION = YES;
				CLANG_WARN_INFINITE_RECURSION = YES;
				CLANG_WARN_INT_CONVERSION = YES;
				CLANG_WARN_NON_LITERAL_NULL_CONVERSION = YES;
				CLANG_WARN_OBJC_IMPLICIT_RETAIN_SELF = YES;
				CLANG_WARN_OBJC_LITERAL_CONVERSION = YES;
				CLANG_WARN_OBJC_ROOT_CLASS = YES_ERROR;
				CLANG_WARN_QUOTED_INCLUDE_IN_FRAMEWORK_HEADER = YES;
				CLANG_WARN_RANGE_LOOP_ANALYSIS = YES;
				CLANG_WARN_STRICT_PROTOTYPES = YES;
				CLANG_WARN_SUSPICIOUS_MOVE = YES;
				CLANG_WARN_UNGUARDED_AVAILABILITY = YES_AGGRESSIVE;
				CLANG_WARN_UNREACHABLE_CODE = YES;
				CLANG_WARN__DUPLICATE_METHOD_MATCH = YES;
				COPY_PHASE_STRIP = NO;
				DEBUG_INFORMATION_FORMAT = "dwarf-with-dsym";
				ENABLE_NS_ASSERTIONS = NO;
				ENABLE_STRICT_OBJC_MSGSEND = YES;
				ENABLE_USER_SCRIPT_SANDBOXING = YES;
				GCC_C_LANGUAGE_STANDARD = gnu17;
				GCC_NO_COMMON_BLOCKS = YES;
				GCC_WARN_64_TO_32_BIT_CONVERSION = YES;
				GCC_WARN_ABOUT_RETURN_TYPE = YES_ERROR;
				GCC_WARN_UNDECLARED_SELECTOR = YES;
				GCC_WARN_UNINITIALIZED_AUTOS = YES_AGGRESSIVE;
				GCC_WARN_UNUSED_FUNCTION = YES;
				GCC_WARN_UNUSED_VARIABLE = YES;
				IPHONEOS_DEPLOYMENT_TARGET = 17.0;
				LOCALIZATION_PREFERS_STRING_CATALOGS = YES;
				MTL_ENABLE_DEBUG_INFO = NO;
				MTL_FAST_MATH = YES;
				SDKROOT = iphoneos;
				SWIFT_COMPILATION_MODE = wholemodule;
				VALIDATE_PRODUCT = YES;
			};
			name = Release;
		};
		253BCAC92B39BF0D0089FCFD /* Debug */ = {
			isa = XCBuildConfiguration;
			buildSettings = {
				ASSETCATALOG_COMPILER_APPICON_NAME = AppIcon;
				ASSETCATALOG_COMPILER_GLOBAL_ACCENT_COLOR_NAME = AccentColor;
				CODE_SIGN_STYLE = Automatic;
				CURRENT_PROJECT_VERSION = 1;
				GENERATE_INFOPLIST_FILE = YES;
				INFOPLIST_FILE = DateTimeExtractorDemo/Info.plist;
				INFOPLIST_KEY_UIApplicationSupportsIndirectInputEvents = YES;
				INFOPLIST_KEY_UILaunchStoryboardName = LaunchScreen;
				INFOPLIST_KEY_UIMainStoryboardFile = Main;
				INFOPLIST_KEY_UISupportedInterfaceOrientations_iPad = "UIInterfaceOrientationPortrait UIInterfaceOrientationPortraitUpsideDown UIInterfaceOrientationLandscapeLeft UIInterfaceOrientationLandscapeRight";
				INFOPLIST_KEY_UISupportedInterfaceOrientations_iPhone = "UIInterfaceOrientationPortrait UIInterfaceOrientationLandscapeLeft UIInterfaceOrientationLandscapeRight";
				LD_RUNPATH_SEARCH_PATHS = (
					"$(inherited)",
					"@executable_path/Frameworks",
				);
				MARKETING_VERSION = 1.0;
				PRODUCT_BUNDLE_IDENTIFIER = com.hoangtaiki.DateTimeExtractorDemo;
				PRODUCT_NAME = "$(TARGET_NAME)";
				SWIFT_EMIT_LOC_STRINGS = YES;
				SWIFT_VERSION = 5.0;
				TARGETED_DEVICE_FAMILY = "1,2";
			};
			name = Debug;
		};
		253BCACA2B39BF0D0089FCFD /* Release */ = {
			isa = XCBuildConfiguration;
			buildSettings = {
				ASSETCATALOG_COMPILER_APPICON_NAME = AppIcon;
				ASSETCATALOG_COMPILER_GLOBAL_ACCENT_COLOR_NAME = AccentColor;
				CODE_SIGN_STYLE = Automatic;
				CURRENT_PROJECT_VERSION = 1;
				GENERATE_INFOPLIST_FILE = YES;
				INFOPLIST_FILE = DateTimeExtractorDemo/Info.plist;
				INFOPLIST_KEY_UIApplicationSupportsIndirectInputEvents = YES;
				INFOPLIST_KEY_UILaunchStoryboardName = LaunchScreen;
				INFOPLIST_KEY_UIMainStoryboardFile = Main;
				INFOPLIST_KEY_UISupportedInterfaceOrientations_iPad = "UIInterfaceOrientationPortrait UIInterfaceOrientationPortraitUpsideDown UIInterfaceOrientationLandscapeLeft UIInterfaceOrientationLandscapeRight";
				INFOPLIST_KEY_UISupportedInterfaceOrientations_iPhone = "UIInterfaceOrientationPortrait UIInterfaceOrientationLandscapeLeft UIInterfaceOrientationLandscapeRight";
				LD_RUNPATH_SEARCH_PATHS = (
					"$(inherited)",
					"@executable_path/Frameworks",
				);
				MARKETING_VERSION = 1.0;
				PRODUCT_BUNDLE_IDENTIFIER = com.hoangtaiki.DateTimeExtractorDemo;
				PRODUCT_NAME = "$(TARGET_NAME)";
				SWIFT_EMIT_LOC_STRINGS = YES;
				SWIFT_VERSION = 5.0;
				TARGETED_DEVICE_FAMILY = "1,2";
			};
			name = Release;
		};
		253BCACC2B39BF0D0089FCFD /* Debug */ = {
			isa = XCBuildConfiguration;
			buildSettings = {
				ALWAYS_EMBED_SWIFT_STANDARD_LIBRARIES = YES;
				BUNDLE_LOADER = "$(TEST_HOST)";
				CODE_SIGN_STYLE = Automatic;
				CURRENT_PROJECT_VERSION = 1;
				GENERATE_INFOPLIST_FILE = YES;
				IPHONEOS_DEPLOYMENT_TARGET = 17.0;
				MARKETING_VERSION = 1.0;
				PRODUCT_BUNDLE_IDENTIFIER = com.hoangtaiki.DateTimeExtractorDemoTests;
				PRODUCT_NAME = "$(TARGET_NAME)";
				SWIFT_EMIT_LOC_STRINGS = NO;
				SWIFT_VERSION = 5.0;
				TARGETED_DEVICE_FAMILY = "1,2";
				TEST_HOST = "$(BUILT_PRODUCTS_DIR)/DateTimeExtractorDemo.app/$(BUNDLE_EXECUTABLE_FOLDER_PATH)/DateTimeExtractorDemo";
			};
			name = Debug;
		};
		253BCACD2B39BF0D0089FCFD /* Release */ = {
			isa = XCBuildConfiguration;
			buildSettings = {
				ALWAYS_EMBED_SWIFT_STANDARD_LIBRARIES = YES;
				BUNDLE_LOADER = "$(TEST_HOST)";
				CODE_SIGN_STYLE = Automatic;
				CURRENT_PROJECT_VERSION = 1;
				GENERATE_INFOPLIST_FILE = YES;
				IPHONEOS_DEPLOYMENT_TARGET = 17.0;
				MARKETING_VERSION = 1.0;
				PRODUCT_BUNDLE_IDENTIFIER = com.hoangtaiki.DateTimeExtractorDemoTests;
				PRODUCT_NAME = "$(TARGET_NAME)";
				SWIFT_EMIT_LOC_STRINGS = NO;
				SWIFT_VERSION = 5.0;
				TARGETED_DEVICE_FAMILY = "1,2";
				TEST_HOST = "$(BUILT_PRODUCTS_DIR)/DateTimeExtractorDemo.app/$(BUNDLE_EXECUTABLE_FOLDER_PATH)/DateTimeExtractorDemo";
			};
			name = Release;
		};
		253BCACF2B39BF0D0089FCFD /* Debug */ = {
			isa = XCBuildConfiguration;
			buildSettings = {
				ALWAYS_EMBED_SWIFT_STANDARD_LIBRARIES = YES;
				CODE_SIGN_STYLE = Automatic;
				CURRENT_PROJECT_VERSION = 1;
				GENERATE_INFOPLIST_FILE = YES;
				MARKETING_VERSION = 1.0;
				PRODUCT_BUNDLE_IDENTIFIER = com.hoangtaiki.DateTimeExtractorDemoUITests;
				PRODUCT_NAME = "$(TARGET_NAME)";
				SWIFT_EMIT_LOC_STRINGS = NO;
				SWIFT_VERSION = 5.0;
				TARGETED_DEVICE_FAMILY = "1,2";
				TEST_TARGET_NAME = DateTimeExtractorDemo;
			};
			name = Debug;
		};
		253BCAD02B39BF0D0089FCFD /* Release */ = {
			isa = XCBuildConfiguration;
			buildSettings = {
				ALWAYS_EMBED_SWIFT_STANDARD_LIBRARIES = YES;
				CODE_SIGN_STYLE = Automatic;
				CURRENT_PROJECT_VERSION = 1;
				GENERATE_INFOPLIST_FILE = YES;
				MARKETING_VERSION = 1.0;
				PRODUCT_BUNDLE_IDENTIFIER = com.hoangtaiki.DateTimeExtractorDemoUITests;
				PRODUCT_NAME = "$(TARGET_NAME)";
				SWIFT_EMIT_LOC_STRINGS = NO;
				SWIFT_VERSION = 5.0;
				TARGETED_DEVICE_FAMILY = "1,2";
				TEST_TARGET_NAME = DateTimeExtractorDemo;
			};
			name = Release;
		};
/* End XCBuildConfiguration section */

/* Begin XCConfigurationList section */
		253BCA962B39BF0B0089FCFD /* Build configuration list for PBXProject "DateTimeExtractorDemo" */ = {
			isa = XCConfigurationList;
			buildConfigurations = (
				253BCAC62B39BF0D0089FCFD /* Debug */,
				253BCAC72B39BF0D0089FCFD /* Release */,
			);
			defaultConfigurationIsVisible = 0;
			defaultConfigurationName = Release;
		};
		253BCAC82B39BF0D0089FCFD /* Build configuration list for PBXNativeTarget "DateTimeExtractorDemo" */ = {
			isa = XCConfigurationList;
			buildConfigurations = (
				253BCAC92B39BF0D0089FCFD /* Debug */,
				253BCACA2B39BF0D0089FCFD /* Release */,
			);
			defaultConfigurationIsVisible = 0;
			defaultConfigurationName = Release;
		};
		253BCACB2B39BF0D0089FCFD /* Build configuration list for PBXNativeTarget "DateTimeExtractorDemoTests" */ = {
			isa = XCConfigurationList;
			buildConfigurations = (
				253BCACC2B39BF0D0089FCFD /* Debug */,
				253BCACD2B39BF0D0089FCFD /* Release */,
			);
			defaultConfigurationIsVisible = 0;
			defaultConfigurationName = Release;
		};
		253BCACE2B39BF0D0089FCFD /* Build configuration list for PBXNativeTarget "DateTimeExtractorDemoUITests" */ = {
			isa = XCConfigurationList;
			buildConfigurations = (
				253BCACF2B39BF0D0089FCFD /* Debug */,
				253BCAD02B39BF0D0089FCFD /* Release */,
			);
			defaultConfigurationIsVisible = 0;
			defaultConfigurationName = Release;
		};
/* End XCConfigurationList section */

/* Begin XCLocalSwiftPackageReference section */
		253BCAD12B39BF270089FCFD /* XCLocalSwiftPackageReference ".." */ = {
			isa = XCLocalSwiftPackageReference;
			relativePath = ..;
		};
/* End XCLocalSwiftPackageReference section */

/* Begin XCSwiftPackageProductDependency section */
		253BCAD22B39BF270089FCFD /* DateTimeExtractor */ = {
			isa = XCSwiftPackageProductDependency;
			productName = DateTimeExtractor;
		};
/* End XCSwiftPackageProductDependency section */

/* Begin XCVersionGroup section */
		253BCAA72B39BF0B0089FCFD /* DateTimeExtractorDemo.xcdatamodeld */ = {
			isa = XCVersionGroup;
			children = (
				253BCAA82B39BF0B0089FCFD /* DateTimeExtractorDemo.xcdatamodel */,
			);
			currentVersion = 253BCAA82B39BF0B0089FCFD /* DateTimeExtractorDemo.xcdatamodel */;
			path = DateTimeExtractorDemo.xcdatamodeld;
			sourceTree = "<group>";
			versionGroupType = wrapper.xcdatamodel;
		};
/* End XCVersionGroup section */
	};
	rootObject = 253BCA932B39BF0B0089FCFD /* Project object */;
}
